
Microsoft Visual Studio Solution File, Format Version 12.00
# Visual Studio Version 17
VisualStudioVersion = 17.1.32328.378
MinimumVisualStudioVersion = 10.0.40219.1
Project("{9A19103F-16F7-4668-BE54-9A1E7A4F7556}") = "MichCord", "MichCord\MichCord.csproj", "{DB87F58C-8249-490A-950D-8D77CA6FBBDD}"
<<<<<<< HEAD
EndProject
Project("{FAE04EC0-301F-11D3-BF4B-00C04F79EFBC}") = "MichCordUI", "MichCordUI\MichCordUI.csproj", "{5339EB77-5E64-4D5D-91FB-3C5DA8D9CCEB}"
=======
>>>>>>> f1ef19683658670de6ef2bdcce820826dd11dcc3
EndProject
Global
	GlobalSection(SolutionConfigurationPlatforms) = preSolution
		Debug|Any CPU = Debug|Any CPU
		Release|Any CPU = Release|Any CPU
	EndGlobalSection
	GlobalSection(ProjectConfigurationPlatforms) = postSolution
		{DB87F58C-8249-490A-950D-8D77CA6FBBDD}.Debug|Any CPU.ActiveCfg = Debug|Any CPU
		{DB87F58C-8249-490A-950D-8D77CA6FBBDD}.Debug|Any CPU.Build.0 = Debug|Any CPU
		{DB87F58C-8249-490A-950D-8D77CA6FBBDD}.Release|Any CPU.ActiveCfg = Release|Any CPU
		{DB87F58C-8249-490A-950D-8D77CA6FBBDD}.Release|Any CPU.Build.0 = Release|Any CPU
		{5339EB77-5E64-4D5D-91FB-3C5DA8D9CCEB}.Debug|Any CPU.ActiveCfg = Debug|Any CPU
		{5339EB77-5E64-4D5D-91FB-3C5DA8D9CCEB}.Debug|Any CPU.Build.0 = Debug|Any CPU
		{5339EB77-5E64-4D5D-91FB-3C5DA8D9CCEB}.Release|Any CPU.ActiveCfg = Release|Any CPU
		{5339EB77-5E64-4D5D-91FB-3C5DA8D9CCEB}.Release|Any CPU.Build.0 = Release|Any CPU
	EndGlobalSection
	GlobalSection(SolutionProperties) = preSolution
		HideSolutionNode = FALSE
	EndGlobalSection
	GlobalSection(ExtensibilityGlobals) = postSolution
		SolutionGuid = {8B34CD1B-2B2D-40B1-AF53-EBA7DD46A2F9}
	EndGlobalSection
EndGlobal
